
Microsoft Visual Studio Solution File, Format Version 12.00
# Visual Studio Version 17
VisualStudioVersion = 17.11.35327.3
MinimumVisualStudioVersion = 10.0.40219.1
Project("{FAE04EC0-301F-11D3-BF4B-00C04F79EFBC}") = "HW1", "HW1\HW1.csproj", "{4339B48A-4921-4590-96F9-F2B6C6B449CB}"
EndProject
Global
	GlobalSection(SolutionConfigurationPlatforms) = preSolution
		Debug|Any CPU = Debug|Any CPU
		Release|Any CPU = Release|Any CPU
	EndGlobalSection
	GlobalSection(ProjectConfigurationPlatforms) = postSolution
		{4339B48A-4921-4590-96F9-F2B6C6B449CB}.Debug|Any CPU.ActiveCfg = Debug|Any CPU
		{4339B48A-4921-4590-96F9-F2B6C6B449CB}.Debug|Any CPU.Build.0 = Debug|Any CPU
		{4339B48A-4921-4590-96F9-F2B6C6B449CB}.Release|Any CPU.ActiveCfg = Release|Any CPU
		{4339B48A-4921-4590-96F9-F2B6C6B449CB}.Release|Any CPU.Build.0 = Release|Any CPU
	EndGlobalSection
	GlobalSection(SolutionProperties) = preSolution
		HideSolutionNode = FALSE
	EndGlobalSection
	GlobalSection(ExtensibilityGlobals) = postSolution
		SolutionGuid = {D8A53F54-245A-48AB-920D-8130EE6698B2}
	EndGlobalSection
EndGlobal
